# This file is autogenerated, do not edit; changes may be undone by the next 'dep ensure'.


[[projects]]
  name = "github.com/andygrunwald/go-jira"
  packages = ["."]
  revision = "acbc88d59582a4885dbd82fd775caa7c15245171"
  version = "v1.0.0"

[[projects]]
  branch = "master"
  name = "github.com/bgentry/go-netrc"
  packages = ["netrc"]
  revision = "9fd32a8b3d3d3f9d43c341bfe098430e07609480"

[[projects]]
  name = "github.com/fatih/structs"
  packages = ["."]
  revision = "a720dfa8df582c51dee1b36feabb906bde1588bd"
  version = "v1.0"

[[projects]]
  branch = "master"
  name = "github.com/google/go-querystring"
  packages = ["query"]
  revision = "53e6ce116135b80d037921a7fdd5138cf32d7a8a"

[[projects]]
  name = "github.com/trivago/tgo"
  packages = ["tcontainer","treflect"]
  revision = "e4d1ddd28c17dd89ed26327cf69fded22060671b"
  version = "v1.0.1"

[solve-meta]
  analyzer-name = "dep"
  analyzer-version = 1
  inputs-digest = "253836dc161bbd5fe4baedfc168154c05630b18d7e5e83f272a250c3cce272ce"
  solver-name = "gps-cdcl"
  solver-version = 1
